
Microsoft Visual Studio Solution File, Format Version 12.00
# Visual Studio 2013
VisualStudioVersion = 12.0.30723.0
MinimumVisualStudioVersion = 10.0.40219.1
Project("{FAE04EC0-301F-11D3-BF4B-00C04F79EFBC}") = "WPIsoStorage", "WPIsoStorage\WPIsoStorage.csproj", "{5ECBA09F-E08C-49ED-9A98-918AEB3FC128}"
EndProject
Project("{FAE04EC0-301F-11D3-BF4B-00C04F79EFBC}") = "WPStorageRT", "WPStorageRT\WPStorageRT.csproj", "{C79EA667-0EE3-40B0-A160-55553C2FDB61}"
EndProject
Global
	GlobalSection(SolutionConfigurationPlatforms) = preSolution
		Debug|Any CPU = Debug|Any CPU
		Debug|ARM = Debug|ARM
		Debug|x86 = Debug|x86
		Release|Any CPU = Release|Any CPU
		Release|ARM = Release|ARM
		Release|x86 = Release|x86
	EndGlobalSection
	GlobalSection(ProjectConfigurationPlatforms) = postSolution
		{5ECBA09F-E08C-49ED-9A98-918AEB3FC128}.Debug|Any CPU.ActiveCfg = Debug|Any CPU
		{5ECBA09F-E08C-49ED-9A98-918AEB3FC128}.Debug|Any CPU.Build.0 = Debug|Any CPU
		{5ECBA09F-E08C-49ED-9A98-918AEB3FC128}.Debug|Any CPU.Deploy.0 = Debug|Any CPU
		{5ECBA09F-E08C-49ED-9A98-918AEB3FC128}.Debug|ARM.ActiveCfg = Debug|ARM
		{5ECBA09F-E08C-49ED-9A98-918AEB3FC128}.Debug|ARM.Build.0 = Debug|ARM
		{5ECBA09F-E08C-49ED-9A98-918AEB3FC128}.Debug|ARM.Deploy.0 = Debug|ARM
		{5ECBA09F-E08C-49ED-9A98-918AEB3FC128}.Debug|x86.ActiveCfg = Debug|x86
		{5ECBA09F-E08C-49ED-9A98-918AEB3FC128}.Debug|x86.Build.0 = Debug|x86
		{5ECBA09F-E08C-49ED-9A98-918AEB3FC128}.Debug|x86.Deploy.0 = Debug|x86
		{5ECBA09F-E08C-49ED-9A98-918AEB3FC128}.Release|Any CPU.ActiveCfg = Release|Any CPU
		{5ECBA09F-E08C-49ED-9A98-918AEB3FC128}.Release|Any CPU.Build.0 = Release|Any CPU
		{5ECBA09F-E08C-49ED-9A98-918AEB3FC128}.Release|Any CPU.Deploy.0 = Release|Any CPU
		{5ECBA09F-E08C-49ED-9A98-918AEB3FC128}.Release|ARM.ActiveCfg = Release|ARM
		{5ECBA09F-E08C-49ED-9A98-918AEB3FC128}.Release|ARM.Build.0 = Release|ARM
		{5ECBA09F-E08C-49ED-9A98-918AEB3FC128}.Release|ARM.Deploy.0 = Release|ARM
		{5ECBA09F-E08C-49ED-9A98-918AEB3FC128}.Release|x86.ActiveCfg = Release|x86
		{5ECBA09F-E08C-49ED-9A98-918AEB3FC128}.Release|x86.Build.0 = Release|x86
		{5ECBA09F-E08C-49ED-9A98-918AEB3FC128}.Release|x86.Deploy.0 = Release|x86
		{C79EA667-0EE3-40B0-A160-55553C2FDB61}.Debug|Any CPU.ActiveCfg = Debug|Any CPU
		{C79EA667-0EE3-40B0-A160-55553C2FDB61}.Debug|Any CPU.Build.0 = Debug|Any CPU
		{C79EA667-0EE3-40B0-A160-55553C2FDB61}.Debug|Any CPU.Deploy.0 = Debug|Any CPU
		{C79EA667-0EE3-40B0-A160-55553C2FDB61}.Debug|ARM.ActiveCfg = Debug|ARM
		{C79EA667-0EE3-40B0-A160-55553C2FDB61}.Debug|ARM.Build.0 = Debug|ARM
		{C79EA667-0EE3-40B0-A160-55553C2FDB61}.Debug|ARM.Deploy.0 = Debug|ARM
		{C79EA667-0EE3-40B0-A160-55553C2FDB61}.Debug|x86.ActiveCfg = Debug|x86
		{C79EA667-0EE3-40B0-A160-55553C2FDB61}.Debug|x86.Build.0 = Debug|x86
		{C79EA667-0EE3-40B0-A160-55553C2FDB61}.Debug|x86.Deploy.0 = Debug|x86
		{C79EA667-0EE3-40B0-A160-55553C2FDB61}.Release|Any CPU.ActiveCfg = Release|Any CPU
		{C79EA667-0EE3-40B0-A160-55553C2FDB61}.Release|Any CPU.Build.0 = Release|Any CPU
		{C79EA667-0EE3-40B0-A160-55553C2FDB61}.Release|Any CPU.Deploy.0 = Release|Any CPU
		{C79EA667-0EE3-40B0-A160-55553C2FDB61}.Release|ARM.ActiveCfg = Release|ARM
		{C79EA667-0EE3-40B0-A160-55553C2FDB61}.Release|ARM.Build.0 = Release|ARM
		{C79EA667-0EE3-40B0-A160-55553C2FDB61}.Release|ARM.Deploy.0 = Release|ARM
		{C79EA667-0EE3-40B0-A160-55553C2FDB61}.Release|x86.ActiveCfg = Release|x86
		{C79EA667-0EE3-40B0-A160-55553C2FDB61}.Release|x86.Build.0 = Release|x86
		{C79EA667-0EE3-40B0-A160-55553C2FDB61}.Release|x86.Deploy.0 = Release|x86
	EndGlobalSection
	GlobalSection(SolutionProperties) = preSolution
		HideSolutionNode = FALSE
	EndGlobalSection
EndGlobal
